// !$*UTF8*$!
{
	archiveVersion = 1;
	classes = {
	};
	objectVersion = 56;
	objects = {

/* Begin PBXBuildFile section */
		0933C61229BDE922003259AB /* AppDelegate.swift in Sources */ = {isa = PBXBuildFile; fileRef = 0933C61129BDE922003259AB /* AppDelegate.swift */; };
		0933C61429BDE922003259AB /* SceneDelegate.swift in Sources */ = {isa = PBXBuildFile; fileRef = 0933C61329BDE922003259AB /* SceneDelegate.swift */; };
		0933C61629BDE922003259AB /* ViewController.swift in Sources */ = {isa = PBXBuildFile; fileRef = 0933C61529BDE922003259AB /* ViewController.swift */; };
		0933C61B29BDE923003259AB /* Assets.xcassets in Resources */ = {isa = PBXBuildFile; fileRef = 0933C61A29BDE923003259AB /* Assets.xcassets */; };
		0933C62D29BDEC31003259AB /* SnapKit in Frameworks */ = {isa = PBXBuildFile; productRef = 0933C62C29BDEC31003259AB /* SnapKit */; };
		0933C63029BDEC4E003259AB /* Lottie in Frameworks */ = {isa = PBXBuildFile; productRef = 0933C62F29BDEC4E003259AB /* Lottie */; };
		0933C63229BDECAB003259AB /* 62699-qr-code-scanner.json in Resources */ = {isa = PBXBuildFile; fileRef = 0933C63129BDECAA003259AB /* 62699-qr-code-scanner.json */; };
		0933C63429BDEDF7003259AB /* Router.swift in Sources */ = {isa = PBXBuildFile; fileRef = 0933C63329BDEDF7003259AB /* Router.swift */; };
		0933C63729BDEE26003259AB /* ModuleBuilder.swift in Sources */ = {isa = PBXBuildFile; fileRef = 0933C63629BDEE26003259AB /* ModuleBuilder.swift */; };
		0933C63929BDEE7C003259AB /* MainScreenPresenter.swift in Sources */ = {isa = PBXBuildFile; fileRef = 0933C63829BDEE7C003259AB /* MainScreenPresenter.swift */; };
		0933C63B29BDEED6003259AB /* QrScannerViewController.swift in Sources */ = {isa = PBXBuildFile; fileRef = 0933C63A29BDEED6003259AB /* QrScannerViewController.swift */; };
		0933C63D29BDEF33003259AB /* QrScannerPresenter.swift in Sources */ = {isa = PBXBuildFile; fileRef = 0933C63C29BDEF33003259AB /* QrScannerPresenter.swift */; };
		0933C63F29BDF56B003259AB /* qr-scannig-process.json in Resources */ = {isa = PBXBuildFile; fileRef = 0933C63E29BDF56A003259AB /* qr-scannig-process.json */; };
		0939926329BE076500F9EB66 /* main.json in Resources */ = {isa = PBXBuildFile; fileRef = 0939926229BE076500F9EB66 /* main.json */; };
		0939926529BE129300F9EB66 /* Model.swift in Sources */ = {isa = PBXBuildFile; fileRef = 0939926429BE129300F9EB66 /* Model.swift */; };
		0939926829BE12DD00F9EB66 /* Extension.swift in Sources */ = {isa = PBXBuildFile; fileRef = 0939926729BE12DD00F9EB66 /* Extension.swift */; };
/* End PBXBuildFile section */

/* Begin PBXFileReference section */
		0933C60E29BDE922003259AB /* QrCodeScanner.app */ = {isa = PBXFileReference; explicitFileType = wrapper.application; includeInIndex = 0; path = QrCodeScanner.app; sourceTree = BUILT_PRODUCTS_DIR; };
		0933C61129BDE922003259AB /* AppDelegate.swift */ = {isa = PBXFileReference; lastKnownFileType = sourcecode.swift; path = AppDelegate.swift; sourceTree = "<group>"; };
		0933C61329BDE922003259AB /* SceneDelegate.swift */ = {isa = PBXFileReference; lastKnownFileType = sourcecode.swift; path = SceneDelegate.swift; sourceTree = "<group>"; };
		0933C61529BDE922003259AB /* ViewController.swift */ = {isa = PBXFileReference; lastKnownFileType = sourcecode.swift; path = ViewController.swift; sourceTree = "<group>"; };
		0933C61A29BDE923003259AB /* Assets.xcassets */ = {isa = PBXFileReference; lastKnownFileType = folder.assetcatalog; path = Assets.xcassets; sourceTree = "<group>"; };
		0933C61F29BDE923003259AB /* Info.plist */ = {isa = PBXFileReference; lastKnownFileType = text.plist.xml; path = Info.plist; sourceTree = "<group>"; };
		0933C63129BDECAA003259AB /* 62699-qr-code-scanner.json */ = {isa = PBXFileReference; fileEncoding = 4; lastKnownFileType = text.json; path = "62699-qr-code-scanner.json"; sourceTree = "<group>"; };
		0933C63329BDEDF7003259AB /* Router.swift */ = {isa = PBXFileReference; lastKnownFileType = sourcecode.swift; path = Router.swift; sourceTree = "<group>"; };
		0933C63629BDEE26003259AB /* ModuleBuilder.swift */ = {isa = PBXFileReference; lastKnownFileType = sourcecode.swift; path = ModuleBuilder.swift; sourceTree = "<group>"; };
		0933C63829BDEE7C003259AB /* MainScreenPresenter.swift */ = {isa = PBXFileReference; lastKnownFileType = sourcecode.swift; path = MainScreenPresenter.swift; sourceTree = "<group>"; };
		0933C63A29BDEED6003259AB /* QrScannerViewController.swift */ = {isa = PBXFileReference; lastKnownFileType = sourcecode.swift; path = QrScannerViewController.swift; sourceTree = "<group>"; };
		0933C63C29BDEF33003259AB /* QrScannerPresenter.swift */ = {isa = PBXFileReference; lastKnownFileType = sourcecode.swift; path = QrScannerPresenter.swift; sourceTree = "<group>"; };
		0933C63E29BDF56A003259AB /* qr-scannig-process.json */ = {isa = PBXFileReference; fileEncoding = 4; lastKnownFileType = text.json; path = "qr-scannig-process.json"; sourceTree = "<group>"; };
		0939926229BE076500F9EB66 /* main.json */ = {isa = PBXFileReference; fileEncoding = 4; lastKnownFileType = text.json; path = main.json; sourceTree = "<group>"; };
		0939926429BE129300F9EB66 /* Model.swift */ = {isa = PBXFileReference; lastKnownFileType = sourcecode.swift; path = Model.swift; sourceTree = "<group>"; };
		0939926729BE12DD00F9EB66 /* Extension.swift */ = {isa = PBXFileReference; lastKnownFileType = sourcecode.swift; path = Extension.swift; sourceTree = "<group>"; };
/* End PBXFileReference section */

/* Begin PBXFrameworksBuildPhase section */
		0933C60B29BDE922003259AB /* Frameworks */ = {
			isa = PBXFrameworksBuildPhase;
			buildActionMask = 2147483647;
			files = (
				0933C62D29BDEC31003259AB /* SnapKit in Frameworks */,
				0933C63029BDEC4E003259AB /* Lottie in Frameworks */,
			);
			runOnlyForDeploymentPostprocessing = 0;
		};
/* End PBXFrameworksBuildPhase section */

/* Begin PBXGroup section */
		0933C60529BDE922003259AB = {
			isa = PBXGroup;
			children = (
				0933C61029BDE922003259AB /* QrCodeScanner */,
				0933C60F29BDE922003259AB /* Products */,
			);
			sourceTree = "<group>";
		};
		0933C60F29BDE922003259AB /* Products */ = {
			isa = PBXGroup;
			children = (
				0933C60E29BDE922003259AB /* QrCodeScanner.app */,
			);
			name = Products;
			sourceTree = "<group>";
		};
		0933C61029BDE922003259AB /* QrCodeScanner */ = {
			isa = PBXGroup;
			children = (
				0939926629BE12CE00F9EB66 /* Extensions */,
				0939925F29BE04F900F9EB66 /* Animation */,
				0933C62529BDEB0C003259AB /* Sources */,
				0933C62729BDEB30003259AB /* Helpers */,
				0933C62629BDEB18003259AB /* Resources */,
				0933C61A29BDE923003259AB /* Assets.xcassets */,
				0933C61F29BDE923003259AB /* Info.plist */,
			);
			path = QrCodeScanner;
			sourceTree = "<group>";
		};
		0933C62529BDEB0C003259AB /* Sources */ = {
			isa = PBXGroup;
			children = (
				0933C62A29BDEB6F003259AB /* ScanScreen */,
				0933C62929BDEB63003259AB /* MainScreen */,
				0933C62829BDEB57003259AB /* Model */,
			);
			path = Sources;
			sourceTree = "<group>";
		};
		0933C62629BDEB18003259AB /* Resources */ = {
			isa = PBXGroup;
			children = (
				0933C61129BDE922003259AB /* AppDelegate.swift */,
				0933C61329BDE922003259AB /* SceneDelegate.swift */,
			);
			path = Resources;
			sourceTree = "<group>";
		};
		0933C62729BDEB30003259AB /* Helpers */ = {
			isa = PBXGroup;
			children = (
				0933C63329BDEDF7003259AB /* Router.swift */,
				0933C63629BDEE26003259AB /* ModuleBuilder.swift */,
			);
			path = Helpers;
			sourceTree = "<group>";
		};
		0933C62829BDEB57003259AB /* Model */ = {
			isa = PBXGroup;
			children = (
				0939926429BE129300F9EB66 /* Model.swift */,
			);
			path = Model;
			sourceTree = "<group>";
		};
		0933C62929BDEB63003259AB /* MainScreen */ = {
			isa = PBXGroup;
			children = (
				0933C61529BDE922003259AB /* ViewController.swift */,
				0933C63829BDEE7C003259AB /* MainScreenPresenter.swift */,
			);
			path = MainScreen;
			sourceTree = "<group>";
		};
		0933C62A29BDEB6F003259AB /* ScanScreen */ = {
			isa = PBXGroup;
			children = (
				0933C63A29BDEED6003259AB /* QrScannerViewController.swift */,
				0933C63C29BDEF33003259AB /* QrScannerPresenter.swift */,
			);
			path = ScanScreen;
			sourceTree = "<group>";
		};
		0939925F29BE04F900F9EB66 /* Animation */ = {
			isa = PBXGroup;
			children = (
				0939926229BE076500F9EB66 /* main.json */,
				0933C63E29BDF56A003259AB /* qr-scannig-process.json */,
				0933C63129BDECAA003259AB /* 62699-qr-code-scanner.json */,
			);
			path = Animation;
			sourceTree = "<group>";
		};
		0939926629BE12CE00F9EB66 /* Extensions */ = {
			isa = PBXGroup;
			children = (
				0939926729BE12DD00F9EB66 /* Extension.swift */,
			);
			path = Extensions;
			sourceTree = "<group>";
		};
/* End PBXGroup section */

/* Begin PBXNativeTarget section */
		0933C60D29BDE922003259AB /* QrCodeScanner */ = {
			isa = PBXNativeTarget;
			buildConfigurationList = 0933C62229BDE923003259AB /* Build configuration list for PBXNativeTarget "QrCodeScanner" */;
			buildPhases = (
				0933C60A29BDE922003259AB /* Sources */,
				0933C60B29BDE922003259AB /* Frameworks */,
				0933C60C29BDE922003259AB /* Resources */,
			);
			buildRules = (
			);
			dependencies = (
			);
			name = QrCodeScanner;
			packageProductDependencies = (
				0933C62C29BDEC31003259AB /* SnapKit */,
				0933C62F29BDEC4E003259AB /* Lottie */,
			);
			productName = QrCodeScanner;
			productReference = 0933C60E29BDE922003259AB /* QrCodeScanner.app */;
			productType = "com.apple.product-type.application";
		};
/* End PBXNativeTarget section */

/* Begin PBXProject section */
		0933C60629BDE922003259AB /* Project object */ = {
			isa = PBXProject;
			attributes = {
				BuildIndependentTargetsInParallel = 1;
				LastSwiftUpdateCheck = 1420;
				LastUpgradeCheck = 1420;
				TargetAttributes = {
					0933C60D29BDE922003259AB = {
						CreatedOnToolsVersion = 14.2;
					};
				};
			};
			buildConfigurationList = 0933C60929BDE922003259AB /* Build configuration list for PBXProject "QrCodeScanner" */;
			compatibilityVersion = "Xcode 14.0";
			developmentRegion = en;
			hasScannedForEncodings = 0;
			knownRegions = (
				en,
				Base,
			);
			mainGroup = 0933C60529BDE922003259AB;
			packageReferences = (
				0933C62B29BDEC31003259AB /* XCRemoteSwiftPackageReference "SnapKit" */,
				0933C62E29BDEC4E003259AB /* XCRemoteSwiftPackageReference "lottie-ios" */,
			);
			productRefGroup = 0933C60F29BDE922003259AB /* Products */;
			projectDirPath = "";
			projectRoot = "";
			targets = (
				0933C60D29BDE922003259AB /* QrCodeScanner */,
			);
		};
/* End PBXProject section */

/* Begin PBXResourcesBuildPhase section */
		0933C60C29BDE922003259AB /* Resources */ = {
			isa = PBXResourcesBuildPhase;
			buildActionMask = 2147483647;
			files = (
				0939926329BE076500F9EB66 /* main.json in Resources */,
				0933C63F29BDF56B003259AB /* qr-scannig-process.json in Resources */,
				0933C61B29BDE923003259AB /* Assets.xcassets in Resources */,
				0933C63229BDECAB003259AB /* 62699-qr-code-scanner.json in Resources */,
			);
			runOnlyForDeploymentPostprocessing = 0;
		};
/* End PBXResourcesBuildPhase section */

/* Begin PBXSourcesBuildPhase section */
		0933C60A29BDE922003259AB /* Sources */ = {
			isa = PBXSourcesBuildPhase;
			buildActionMask = 2147483647;
			files = (
				0939926529BE129300F9EB66 /* Model.swift in Sources */,
				0933C63D29BDEF33003259AB /* QrScannerPresenter.swift in Sources */,
				0933C63429BDEDF7003259AB /* Router.swift in Sources */,
				0933C61629BDE922003259AB /* ViewController.swift in Sources */,
				0933C61229BDE922003259AB /* AppDelegate.swift in Sources */,
				0939926829BE12DD00F9EB66 /* Extension.swift in Sources */,
				0933C63729BDEE26003259AB /* ModuleBuilder.swift in Sources */,
				0933C61429BDE922003259AB /* SceneDelegate.swift in Sources */,
				0933C63929BDEE7C003259AB /* MainScreenPresenter.swift in Sources */,
				0933C63B29BDEED6003259AB /* QrScannerViewController.swift in Sources */,
			);
			runOnlyForDeploymentPostprocessing = 0;
		};
/* End PBXSourcesBuildPhase section */

/* Begin XCBuildConfiguration section */
		0933C62029BDE923003259AB /* Debug */ = {
			isa = XCBuildConfiguration;
			buildSettings = {
				ALWAYS_SEARCH_USER_PATHS = NO;
				CLANG_ANALYZER_NONNULL = YES;
				CLANG_ANALYZER_NUMBER_OBJECT_CONVERSION = YES_AGGRESSIVE;
				CLANG_CXX_LANGUAGE_STANDARD = "gnu++20";
				CLANG_ENABLE_MODULES = YES;
				CLANG_ENABLE_OBJC_ARC = YES;
				CLANG_ENABLE_OBJC_WEAK = YES;
				CLANG_WARN_BLOCK_CAPTURE_AUTORELEASING = YES;
				CLANG_WARN_BOOL_CONVERSION = YES;
				CLANG_WARN_COMMA = YES;
				CLANG_WARN_CONSTANT_CONVERSION = YES;
				CLANG_WARN_DEPRECATED_OBJC_IMPLEMENTATIONS = YES;
				CLANG_WARN_DIRECT_OBJC_ISA_USAGE = YES_ERROR;
				CLANG_WARN_DOCUMENTATION_COMMENTS = YES;
				CLANG_WARN_EMPTY_BODY = YES;
				CLANG_WARN_ENUM_CONVERSION = YES;
				CLANG_WARN_INFINITE_RECURSION = YES;
				CLANG_WARN_INT_CONVERSION = YES;
				CLANG_WARN_NON_LITERAL_NULL_CONVERSION = YES;
				CLANG_WARN_OBJC_IMPLICIT_RETAIN_SELF = YES;
				CLANG_WARN_OBJC_LITERAL_CONVERSION = YES;
				CLANG_WARN_OBJC_ROOT_CLASS = YES_ERROR;
				CLANG_WARN_QUOTED_INCLUDE_IN_FRAMEWORK_HEADER = YES;
				CLANG_WARN_RANGE_LOOP_ANALYSIS = YES;
				CLANG_WARN_STRICT_PROTOTYPES = YES;
				CLANG_WARN_SUSPICIOUS_MOVE = YES;
				CLANG_WARN_UNGUARDED_AVAILABILITY = YES_AGGRESSIVE;
				CLANG_WARN_UNREACHABLE_CODE = YES;
				CLANG_WARN__DUPLICATE_METHOD_MATCH = YES;
				COPY_PHASE_STRIP = NO;
				DEBUG_INFORMATION_FORMAT = dwarf;
				ENABLE_STRICT_OBJC_MSGSEND = YES;
				ENABLE_TESTABILITY = YES;
				GCC_C_LANGUAGE_STANDARD = gnu11;
				GCC_DYNAMIC_NO_PIC = NO;
				GCC_NO_COMMON_BLOCKS = YES;
				GCC_OPTIMIZATION_LEVEL = 0;
				GCC_PREPROCESSOR_DEFINITIONS = (
					"DEBUG=1",
					"$(inherited)",
				);
				GCC_WARN_64_TO_32_BIT_CONVERSION = YES;
				GCC_WARN_ABOUT_RETURN_TYPE = YES_ERROR;
				GCC_WARN_UNDECLARED_SELECTOR = YES;
				GCC_WARN_UNINITIALIZED_AUTOS = YES_AGGRESSIVE;
				GCC_WARN_UNUSED_FUNCTION = YES;
				GCC_WARN_UNUSED_VARIABLE = YES;
				IPHONEOS_DEPLOYMENT_TARGET = 16.2;
				MTL_ENABLE_DEBUG_INFO = INCLUDE_SOURCE;
				MTL_FAST_MATH = YES;
				ONLY_ACTIVE_ARCH = YES;
				SDKROOT = iphoneos;
				SWIFT_ACTIVE_COMPILATION_CONDITIONS = DEBUG;
				SWIFT_OPTIMIZATION_LEVEL = "-Onone";
			};
			name = Debug;
		};
		0933C62129BDE923003259AB /* Release */ = {
			isa = XCBuildConfiguration;
			buildSettings = {
				ALWAYS_SEARCH_USER_PATHS = NO;
				CLANG_ANALYZER_NONNULL = YES;
				CLANG_ANALYZER_NUMBER_OBJECT_CONVERSION = YES_AGGRESSIVE;
				CLANG_CXX_LANGUAGE_STANDARD = "gnu++20";
				CLANG_ENABLE_MODULES = YES;
				CLANG_ENABLE_OBJC_ARC = YES;
				CLANG_ENABLE_OBJC_WEAK = YES;
				CLANG_WARN_BLOCK_CAPTURE_AUTORELEASING = YES;
				CLANG_WARN_BOOL_CONVERSION = YES;
				CLANG_WARN_COMMA = YES;
				CLANG_WARN_CONSTANT_CONVERSION = YES;
				CLANG_WARN_DEPRECATED_OBJC_IMPLEMENTATIONS = YES;
				CLANG_WARN_DIRECT_OBJC_ISA_USAGE = YES_ERROR;
				CLANG_WARN_DOCUMENTATION_COMMENTS = YES;
				CLANG_WARN_EMPTY_BODY = YES;
				CLANG_WARN_ENUM_CONVERSION = YES;
				CLANG_WARN_INFINITE_RECURSION = YES;
				CLANG_WARN_INT_CONVERSION = YES;
				CLANG_WARN_NON_LITERAL_NULL_CONVERSION = YES;
				CLANG_WARN_OBJC_IMPLICIT_RETAIN_SELF = YES;
				CLANG_WARN_OBJC_LITERAL_CONVERSION = YES;
				CLANG_WARN_OBJC_ROOT_CLASS = YES_ERROR;
				CLANG_WARN_QUOTED_INCLUDE_IN_FRAMEWORK_HEADER = YES;
				CLANG_WARN_RANGE_LOOP_ANALYSIS = YES;
				CLANG_WARN_STRICT_PROTOTYPES = YES;
				CLANG_WARN_SUSPICIOUS_MOVE = YES;
				CLANG_WARN_UNGUARDED_AVAILABILITY = YES_AGGRESSIVE;
				CLANG_WARN_UNREACHABLE_CODE = YES;
				CLANG_WARN__DUPLICATE_METHOD_MATCH = YES;
				COPY_PHASE_STRIP = NO;
				DEBUG_INFORMATION_FORMAT = "dwarf-with-dsym";
				ENABLE_NS_ASSERTIONS = NO;
				ENABLE_STRICT_OBJC_MSGSEND = YES;
				GCC_C_LANGUAGE_STANDARD = gnu11;
				GCC_NO_COMMON_BLOCKS = YES;
				GCC_WARN_64_TO_32_BIT_CONVERSION = YES;
				GCC_WARN_ABOUT_RETURN_TYPE = YES_ERROR;
				GCC_WARN_UNDECLARED_SELECTOR = YES;
				GCC_WARN_UNINITIALIZED_AUTOS = YES_AGGRESSIVE;
				GCC_WARN_UNUSED_FUNCTION = YES;
				GCC_WARN_UNUSED_VARIABLE = YES;
				IPHONEOS_DEPLOYMENT_TARGET = 16.2;
				MTL_ENABLE_DEBUG_INFO = NO;
				MTL_FAST_MATH = YES;
				SDKROOT = iphoneos;
				SWIFT_COMPILATION_MODE = wholemodule;
				SWIFT_OPTIMIZATION_LEVEL = "-O";
				VALIDATE_PRODUCT = YES;
			};
			name = Release;
		};
		0933C62329BDE923003259AB /* Debug */ = {
			isa = XCBuildConfiguration;
			buildSettings = {
				ASSETCATALOG_COMPILER_APPICON_NAME = AppIcon;
				ASSETCATALOG_COMPILER_GLOBAL_ACCENT_COLOR_NAME = AccentColor;
				CODE_SIGN_STYLE = Automatic;
				CURRENT_PROJECT_VERSION = 1;
				DEVELOPMENT_TEAM = SR3FZ6563L;
				GENERATE_INFOPLIST_FILE = YES;
				INFOPLIST_FILE = QrCodeScanner/Info.plist;
				INFOPLIST_KEY_UIApplicationSupportsIndirectInputEvents = YES;
				INFOPLIST_KEY_UILaunchStoryboardName = LaunchScreen;
				INFOPLIST_KEY_UIMainStoryboardFile = Main;
				INFOPLIST_KEY_UISupportedInterfaceOrientations = "UIInterfaceOrientationPortrait UIInterfaceOrientationPortraitUpsideDown";
				INFOPLIST_KEY_UISupportedInterfaceOrientations_iPad = UIInterfaceOrientationPortrait;
				IPHONEOS_DEPLOYMENT_TARGET = 16.0;
				LD_RUNPATH_SEARCH_PATHS = (
					"$(inherited)",
					"@executable_path/Frameworks",
				);
				MARKETING_VERSION = 1.0;
				PRODUCT_BUNDLE_IDENTIFIER = QrCodeScanner.com.my.QrCodeScanner;
				PRODUCT_NAME = "$(TARGET_NAME)";
				SWIFT_EMIT_LOC_STRINGS = YES;
				SWIFT_VERSION = 5.0;
				TARGETED_DEVICE_FAMILY = "1,2";
			};
			name = Debug;
		};
		0933C62429BDE923003259AB /* Release */ = {
			isa = XCBuildConfiguration;
			buildSettings = {
				ASSETCATALOG_COMPILER_APPICON_NAME = AppIcon;
				ASSETCATALOG_COMPILER_GLOBAL_ACCENT_COLOR_NAME = AccentColor;
				CODE_SIGN_STYLE = Automatic;
				CURRENT_PROJECT_VERSION = 1;
				DEVELOPMENT_TEAM = SR3FZ6563L;
				GENERATE_INFOPLIST_FILE = YES;
				INFOPLIST_FILE = QrCodeScanner/Info.plist;
				INFOPLIST_KEY_UIApplicationSupportsIndirectInputEvents = YES;
				INFOPLIST_KEY_UILaunchStoryboardName = LaunchScreen;
				INFOPLIST_KEY_UIMainStoryboardFile = Main;
				INFOPLIST_KEY_UISupportedInterfaceOrientations = "UIInterfaceOrientationPortrait UIInterfaceOrientationPortraitUpsideDown";
				INFOPLIST_KEY_UISupportedInterfaceOrientations_iPad = UIInterfaceOrientationPortrait;
				IPHONEOS_DEPLOYMENT_TARGET = 16.0;
				LD_RUNPATH_SEARCH_PATHS = (
					"$(inherited)",
					"@executable_path/Frameworks",
				);
				MARKETING_VERSION = 1.0;
				PRODUCT_BUNDLE_IDENTIFIER = QrCodeScanner.com.my.QrCodeScanner;
				PRODUCT_NAME = "$(TARGET_NAME)";
				SWIFT_EMIT_LOC_STRINGS = YES;
				SWIFT_VERSION = 5.0;
				TARGETED_DEVICE_FAMILY = "1,2";
			};
			name = Release;
		};
/* End XCBuildConfiguration section */

/* Begin XCConfigurationList section */
		0933C60929BDE922003259AB /* Build configuration list for PBXProject "QrCodeScanner" */ = {
			isa = XCConfigurationList;
			buildConfigurations = (
				0933C62029BDE923003259AB /* Debug */,
				0933C62129BDE923003259AB /* Release */,
			);
			defaultConfigurationIsVisible = 0;
			defaultConfigurationName = Release;
		};
		0933C62229BDE923003259AB /* Build configuration list for PBXNativeTarget "QrCodeScanner" */ = {
			isa = XCConfigurationList;
			buildConfigurations = (
				0933C62329BDE923003259AB /* Debug */,
				0933C62429BDE923003259AB /* Release */,
			);
			defaultConfigurationIsVisible = 0;
			defaultConfigurationName = Release;
		};
/* End XCConfigurationList section */

/* Begin XCRemoteSwiftPackageReference section */
		0933C62B29BDEC31003259AB /* XCRemoteSwiftPackageReference "SnapKit" */ = {
			isa = XCRemoteSwiftPackageReference;
			repositoryURL = "https://github.com/SnapKit/SnapKit.git";
			requirement = {
				branch = develop;
				kind = branch;
			};
		};
		0933C62E29BDEC4E003259AB /* XCRemoteSwiftPackageReference "lottie-ios" */ = {
			isa = XCRemoteSwiftPackageReference;
			repositoryURL = "https://github.com/LottieFiles/lottie-ios";
			requirement = {
				branch = master;
				kind = branch;
			};
		};
/* End XCRemoteSwiftPackageReference section */

/* Begin XCSwiftPackageProductDependency section */
		0933C62C29BDEC31003259AB /* SnapKit */ = {
			isa = XCSwiftPackageProductDependency;
			package = 0933C62B29BDEC31003259AB /* XCRemoteSwiftPackageReference "SnapKit" */;
			productName = SnapKit;
		};
		0933C62F29BDEC4E003259AB /* Lottie */ = {
			isa = XCSwiftPackageProductDependency;
			package = 0933C62E29BDEC4E003259AB /* XCRemoteSwiftPackageReference "lottie-ios" */;
			productName = Lottie;
		};
/* End XCSwiftPackageProductDependency section */
	};
	rootObject = 0933C60629BDE922003259AB /* Project object */;
}
